# THIS IS AN AUTOGENERATED FILE. DO NOT EDIT THIS FILE DIRECTLY.
# yarn lockfile v1


vue-router@^2.2.0:
  version "2.2.0"
  resolved "http://registry.npm.taobao.org/vue-router/download/vue-router-2.2.0.tgz#65a29ce23d718ddf09237938a58a01b3d1acc77c"

vue@^2.1.10:
  version "2.1.10"
  resolved "http://registry.npm.taobao.org/vue/download/vue-2.1.10.tgz#c9235ca48c7925137be5807832ac4e3ac180427b"

vuex@^2.1.2:
  version "2.1.2"
  resolved "http://registry.npm.taobao.org/vuex/download/vuex-2.1.2.tgz#15d2da62dd6ff59c071f0a91cd4f434eacf6ca6c"
